
Microsoft Visual Studio Solution File, Format Version 12.00
# Visual Studio 15
VisualStudioVersion = 15.0.26403.7
MinimumVisualStudioVersion = 10.0.40219.1
Project("{9A19103F-16F7-4668-BE54-9A1E7A4F7556}") = "MyCollectionDataBase", "MyCollectionDataBase\MyCollectionDataBase.csproj", "{3CEF620E-87AC-429A-A815-8A1C35F78B29}"
EndProject
Project("{9A19103F-16F7-4668-BE54-9A1E7A4F7556}") = "Models", "Models\Models.csproj", "{4E57B9CB-A9DA-4579-9C38-AF88617500D2}"
EndProject
Project("{9A19103F-16F7-4668-BE54-9A1E7A4F7556}") = "Repository", "Repository\Repository.csproj", "{7135F5B7-0DA7-4B8A-882A-17CBDB768E0F}"
EndProject
Project("{FAE04EC0-301F-11D3-BF4B-00C04F79EFBC}") = "UnitTests", "UnitTestProject1\UnitTests.csproj", "{F32FA39E-29DF-43CB-9798-2B394B44DDC2}"
EndProject
Global
	GlobalSection(SolutionConfigurationPlatforms) = preSolution
		Debug|Any CPU = Debug|Any CPU
		Release|Any CPU = Release|Any CPU
	EndGlobalSection
	GlobalSection(ProjectConfigurationPlatforms) = postSolution
		{3CEF620E-87AC-429A-A815-8A1C35F78B29}.Debug|Any CPU.ActiveCfg = Debug|Any CPU
		{3CEF620E-87AC-429A-A815-8A1C35F78B29}.Debug|Any CPU.Build.0 = Debug|Any CPU
		{3CEF620E-87AC-429A-A815-8A1C35F78B29}.Release|Any CPU.ActiveCfg = Release|Any CPU
		{3CEF620E-87AC-429A-A815-8A1C35F78B29}.Release|Any CPU.Build.0 = Release|Any CPU
		{4E57B9CB-A9DA-4579-9C38-AF88617500D2}.Debug|Any CPU.ActiveCfg = Debug|Any CPU
		{4E57B9CB-A9DA-4579-9C38-AF88617500D2}.Debug|Any CPU.Build.0 = Debug|Any CPU
		{4E57B9CB-A9DA-4579-9C38-AF88617500D2}.Release|Any CPU.ActiveCfg = Release|Any CPU
		{4E57B9CB-A9DA-4579-9C38-AF88617500D2}.Release|Any CPU.Build.0 = Release|Any CPU
		{7135F5B7-0DA7-4B8A-882A-17CBDB768E0F}.Debug|Any CPU.ActiveCfg = Debug|Any CPU
		{7135F5B7-0DA7-4B8A-882A-17CBDB768E0F}.Debug|Any CPU.Build.0 = Debug|Any CPU
		{7135F5B7-0DA7-4B8A-882A-17CBDB768E0F}.Release|Any CPU.ActiveCfg = Release|Any CPU
		{7135F5B7-0DA7-4B8A-882A-17CBDB768E0F}.Release|Any CPU.Build.0 = Release|Any CPU
		{F32FA39E-29DF-43CB-9798-2B394B44DDC2}.Debug|Any CPU.ActiveCfg = Debug|Any CPU
		{F32FA39E-29DF-43CB-9798-2B394B44DDC2}.Debug|Any CPU.Build.0 = Debug|Any CPU
		{F32FA39E-29DF-43CB-9798-2B394B44DDC2}.Release|Any CPU.ActiveCfg = Release|Any CPU
		{F32FA39E-29DF-43CB-9798-2B394B44DDC2}.Release|Any CPU.Build.0 = Release|Any CPU
	EndGlobalSection
	GlobalSection(SolutionProperties) = preSolution
		HideSolutionNode = FALSE
	EndGlobalSection
EndGlobal
